
Microsoft Visual Studio Solution File, Format Version 12.00
# Visual Studio Version 17
VisualStudioVersion = 17.5.33414.496
MinimumVisualStudioVersion = 10.0.40219.1
Project("{FAE04EC0-301F-11D3-BF4B-00C04F79EFBC}") = "PhuongTrieu", "PhuongTrieu\PhuongTrieu.csproj", "{07C441E3-18E8-4454-814A-6BE0A984FE33}"
EndProject
Global
	GlobalSection(SolutionConfigurationPlatforms) = preSolution
		Debug|Any CPU = Debug|Any CPU
		Release|Any CPU = Release|Any CPU
	EndGlobalSection
	GlobalSection(ProjectConfigurationPlatforms) = postSolution
		{07C441E3-18E8-4454-814A-6BE0A984FE33}.Debug|Any CPU.ActiveCfg = Debug|Any CPU
		{07C441E3-18E8-4454-814A-6BE0A984FE33}.Debug|Any CPU.Build.0 = Debug|Any CPU
		{07C441E3-18E8-4454-814A-6BE0A984FE33}.Release|Any CPU.ActiveCfg = Release|Any CPU
		{07C441E3-18E8-4454-814A-6BE0A984FE33}.Release|Any CPU.Build.0 = Release|Any CPU
	EndGlobalSection
	GlobalSection(SolutionProperties) = preSolution
		HideSolutionNode = FALSE
	EndGlobalSection
	GlobalSection(ExtensibilityGlobals) = postSolution
		SolutionGuid = {0332AE2B-73F7-4DC8-8BD3-43E398F7F5F0}
	EndGlobalSection
EndGlobal
